
Microsoft Visual Studio Solution File, Format Version 12.00
# Visual Studio Version 17
VisualStudioVersion = 17.14.36327.8 d17.14
MinimumVisualStudioVersion = 10.0.40219.1
Project("{2150E333-8FDC-42A3-9474-1A3956D46DE8}") = "src", "src", "{02EA681E-C7D8-13C7-8484-4AC65E1B71E8}"
EndProject
Project("{2150E333-8FDC-42A3-9474-1A3956D46DE8}") = "tests", "tests", "{323D0A1F-50AD-4B9F-BA96-7768A8215C9D}"
EndProject
Project("{2150E333-8FDC-42A3-9474-1A3956D46DE8}") = "Core", "Core", "{494159F0-79C8-4EB3-AA7C-90402E7C23DB}"
EndProject
Project("{2150E333-8FDC-42A3-9474-1A3956D46DE8}") = "Infrastructure", "Infrastructure", "{5BEA44AF-618D-4B0F-91D2-9BF6098ED878}"
EndProject
Project("{2150E333-8FDC-42A3-9474-1A3956D46DE8}") = "Presentation", "Presentation", "{5C3AAD09-5188-431A-9B67-B85164AD1034}"
EndProject
Project("{FAE04EC0-301F-11D3-BF4B-00C04F79EFBC}") = "NFIT.Domain", "src\Core\NFIT.Domain\NFIT.Domain.csproj", "{E686A4DD-3F41-43B0-AB59-ADF328D13DFC}"
EndProject
Project("{FAE04EC0-301F-11D3-BF4B-00C04F79EFBC}") = "NFIT.Application", "src\Core\NFIT.Application\NFIT.Application.csproj", "{C4A4749E-1DE2-49E1-AAAE-8388478911CE}"
EndProject
Project("{FAE04EC0-301F-11D3-BF4B-00C04F79EFBC}") = "NFIT.Persistence", "src\Infrastructure\NFIT.Persistence\NFIT.Persistence.csproj", "{6EB87B89-9766-418A-937F-C2F8A5E95BE7}"
EndProject
Project("{FAE04EC0-301F-11D3-BF4B-00C04F79EFBC}") = "NFIT.Infrastructure", "src\Infrastructure\NFIT.Infrastructure\NFIT.Infrastructure.csproj", "{4DCB2825-4E97-47BF-AE21-E8CCB9FEB52B}"
EndProject
Project("{FAE04EC0-301F-11D3-BF4B-00C04F79EFBC}") = "NFIT.WebApi", "src\Presentation\NFIT.WebApi\NFIT.WebApi.csproj", "{C21E1469-50E7-4AD7-9CE4-74BE74CF9245}"
EndProject
Global
	GlobalSection(SolutionConfigurationPlatforms) = preSolution
		Debug|Any CPU = Debug|Any CPU
		Release|Any CPU = Release|Any CPU
	EndGlobalSection
	GlobalSection(ProjectConfigurationPlatforms) = postSolution
		{E686A4DD-3F41-43B0-AB59-ADF328D13DFC}.Debug|Any CPU.ActiveCfg = Debug|Any CPU
		{E686A4DD-3F41-43B0-AB59-ADF328D13DFC}.Debug|Any CPU.Build.0 = Debug|Any CPU
		{E686A4DD-3F41-43B0-AB59-ADF328D13DFC}.Release|Any CPU.ActiveCfg = Release|Any CPU
		{E686A4DD-3F41-43B0-AB59-ADF328D13DFC}.Release|Any CPU.Build.0 = Release|Any CPU
		{C4A4749E-1DE2-49E1-AAAE-8388478911CE}.Debug|Any CPU.ActiveCfg = Debug|Any CPU
		{C4A4749E-1DE2-49E1-AAAE-8388478911CE}.Debug|Any CPU.Build.0 = Debug|Any CPU
		{C4A4749E-1DE2-49E1-AAAE-8388478911CE}.Release|Any CPU.ActiveCfg = Release|Any CPU
		{C4A4749E-1DE2-49E1-AAAE-8388478911CE}.Release|Any CPU.Build.0 = Release|Any CPU
		{6EB87B89-9766-418A-937F-C2F8A5E95BE7}.Debug|Any CPU.ActiveCfg = Debug|Any CPU
		{6EB87B89-9766-418A-937F-C2F8A5E95BE7}.Debug|Any CPU.Build.0 = Debug|Any CPU
		{6EB87B89-9766-418A-937F-C2F8A5E95BE7}.Release|Any CPU.ActiveCfg = Release|Any CPU
		{6EB87B89-9766-418A-937F-C2F8A5E95BE7}.Release|Any CPU.Build.0 = Release|Any CPU
		{4DCB2825-4E97-47BF-AE21-E8CCB9FEB52B}.Debug|Any CPU.ActiveCfg = Debug|Any CPU
		{4DCB2825-4E97-47BF-AE21-E8CCB9FEB52B}.Debug|Any CPU.Build.0 = Debug|Any CPU
		{4DCB2825-4E97-47BF-AE21-E8CCB9FEB52B}.Release|Any CPU.ActiveCfg = Release|Any CPU
		{4DCB2825-4E97-47BF-AE21-E8CCB9FEB52B}.Release|Any CPU.Build.0 = Release|Any CPU
		{C21E1469-50E7-4AD7-9CE4-74BE74CF9245}.Debug|Any CPU.ActiveCfg = Debug|Any CPU
		{C21E1469-50E7-4AD7-9CE4-74BE74CF9245}.Debug|Any CPU.Build.0 = Debug|Any CPU
		{C21E1469-50E7-4AD7-9CE4-74BE74CF9245}.Release|Any CPU.ActiveCfg = Release|Any CPU
		{C21E1469-50E7-4AD7-9CE4-74BE74CF9245}.Release|Any CPU.Build.0 = Release|Any CPU
	EndGlobalSection
	GlobalSection(SolutionProperties) = preSolution
		HideSolutionNode = FALSE
	EndGlobalSection
	GlobalSection(NestedProjects) = preSolution
		{494159F0-79C8-4EB3-AA7C-90402E7C23DB} = {02EA681E-C7D8-13C7-8484-4AC65E1B71E8}
		{5BEA44AF-618D-4B0F-91D2-9BF6098ED878} = {02EA681E-C7D8-13C7-8484-4AC65E1B71E8}
		{5C3AAD09-5188-431A-9B67-B85164AD1034} = {02EA681E-C7D8-13C7-8484-4AC65E1B71E8}
		{E686A4DD-3F41-43B0-AB59-ADF328D13DFC} = {494159F0-79C8-4EB3-AA7C-90402E7C23DB}
		{C4A4749E-1DE2-49E1-AAAE-8388478911CE} = {494159F0-79C8-4EB3-AA7C-90402E7C23DB}
		{6EB87B89-9766-418A-937F-C2F8A5E95BE7} = {5BEA44AF-618D-4B0F-91D2-9BF6098ED878}
		{4DCB2825-4E97-47BF-AE21-E8CCB9FEB52B} = {5BEA44AF-618D-4B0F-91D2-9BF6098ED878}
		{C21E1469-50E7-4AD7-9CE4-74BE74CF9245} = {5C3AAD09-5188-431A-9B67-B85164AD1034}
	EndGlobalSection
	GlobalSection(ExtensibilityGlobals) = postSolution
		SolutionGuid = {87187FEC-CB93-44B8-BBD0-7DCB26607F7A}
	EndGlobalSection
EndGlobal
